{
  "name": "tmpofbm5xx8",
  "lockfileVersion": 3,
  "requires": true,
  "packages": {
    "": {
      "dependencies": {
        "@hookform/resolvers": "^3.9.1",
        "zod": "^3.23.8"
      }
    },
    "node_modules/@hookform/resolvers": {
      "version": "3.9.1",
      "resolved": "https://registry.npmjs.org/@hookform/resolvers/-/resolvers-3.9.1.tgz",
      "integrity": "sha512-ud2HqmGBM0P0IABqoskKWI6PEf6ZDDBZkFqe2Vnl+mTHCEHzr3ISjjZyCwTjC/qpL25JC9aIDkloQejvMeq0ug==",
      "license": "MIT",
      "peerDependencies": {
        "react-hook-form": "^7.0.0"
      }
    },
    "node_modules/zod": {
      "version": "3.23.8",
      "resolved": "https://registry.npmjs.org/zod/-/zod-3.23.8.tgz",
      "integrity": "sha512-XBx9AXhXktjUqnepgTiE5flcKIYWi/rme0Eaj+5Y0lftuGBq+jyRu/md4WnuxqgP1ubdpNCsYEYPxrzVHD8d6g==",
      "license": "MIT",
      "funding": {
        "url": "https://github.com/sponsors/colinhacks"
      }
    }
  }
}
